
Microsoft Visual Studio Solution File, Format Version 12.00
# Visual Studio Version 17
VisualStudioVersion = 17.0.31903.59
MinimumVisualStudioVersion = 10.0.40219.1
Project("{FAE04EC0-301F-11D3-BF4B-00C04F79EFBC}") = "IDVerification", "IDVerification\IDVerification.csproj", "{62981A7F-A419-44A0-87DE-B48654D791AF}"
EndProject
Global
	GlobalSection(SolutionConfigurationPlatforms) = preSolution
		Debug|Any CPU = Debug|Any CPU
		Release|Any CPU = Release|Any CPU
	EndGlobalSection
	GlobalSection(ProjectConfigurationPlatforms) = postSolution
		{62981A7F-A419-44A0-87DE-B48654D791AF}.Debug|Any CPU.ActiveCfg = Debug|Any CPU
		{62981A7F-A419-44A0-87DE-B48654D791AF}.Debug|Any CPU.Build.0 = Debug|Any CPU
		{62981A7F-A419-44A0-87DE-B48654D791AF}.Release|Any CPU.ActiveCfg = Release|Any CPU
		{62981A7F-A419-44A0-87DE-B48654D791AF}.Release|Any CPU.Build.0 = Release|Any CPU
	EndGlobalSection
	GlobalSection(SolutionProperties) = preSolution
		HideSolutionNode = FALSE
	EndGlobalSection
	GlobalSection(ExtensibilityGlobals) = postSolution
		SolutionGuid = {E5AB4EC8-A600-4B53-AF35-535EA51742DB}
	EndGlobalSection
EndGlobal
